
Microsoft Visual Studio Solution File, Format Version 12.00
# Visual Studio 14
VisualStudioVersion = 14.0.23107.0
MinimumVisualStudioVersion = 10.0.40219.1
Project("{2150E333-8FDC-42A3-9474-1A3956D46DE8}") = "Solution Items", "Solution Items", "{6F48A356-4315-4D39-A56C-0FF2D56BEDC6}"
	ProjectSection(SolutionItems) = preProject
		01_basics.html = 01_basics.html
		02_multiple_controllers.html = 02_multiple_controllers.html
		03_lists_and_dropdowns.html = 03_lists_and_dropdowns.html
		04_services.html = 04_services.html
		05_real_services.html = 05_real_services.html
		06_directives.html = 06_directives.html
	EndProjectSection
EndProject
Global
	GlobalSection(SolutionProperties) = preSolution
		HideSolutionNode = FALSE
	EndGlobalSection
EndGlobal
